// !$*UTF8*$!
{
	archiveVersion = 1;
	classes = {
	};
	objectVersion = 50;
	objects = {

/* Begin PBXBuildFile section */
		2A7909FE257B6CF700EC67BD /* ListViewController.swift in Sources */ = {isa = PBXBuildFile; fileRef = 2A7909FD257B6CF700EC67BD /* ListViewController.swift */; };
		456B6B2C257B3C0000D56DF7 /* AppDelegate.swift in Sources */ = {isa = PBXBuildFile; fileRef = 456B6B2B257B3C0000D56DF7 /* AppDelegate.swift */; };
		456B6B2E257B3C0000D56DF7 /* SceneDelegate.swift in Sources */ = {isa = PBXBuildFile; fileRef = 456B6B2D257B3C0000D56DF7 /* SceneDelegate.swift */; };
		456B6B30257B3C0000D56DF7 /* ViewController.swift in Sources */ = {isa = PBXBuildFile; fileRef = 456B6B2F257B3C0000D56DF7 /* ViewController.swift */; };
		456B6B33257B3C0000D56DF7 /* Main.storyboard in Resources */ = {isa = PBXBuildFile; fileRef = 456B6B31257B3C0000D56DF7 /* Main.storyboard */; };
		456B6B35257B3C0100D56DF7 /* Assets.xcassets in Resources */ = {isa = PBXBuildFile; fileRef = 456B6B34257B3C0100D56DF7 /* Assets.xcassets */; };
		456B6B38257B3C0100D56DF7 /* LaunchScreen.storyboard in Resources */ = {isa = PBXBuildFile; fileRef = 456B6B36257B3C0100D56DF7 /* LaunchScreen.storyboard */; };
		456B6B43257B3C0100D56DF7 /* tableviewTests.swift in Sources */ = {isa = PBXBuildFile; fileRef = 456B6B42257B3C0100D56DF7 /* tableviewTests.swift */; };
		456B6B4E257B3C0100D56DF7 /* tableviewUITests.swift in Sources */ = {isa = PBXBuildFile; fileRef = 456B6B4D257B3C0100D56DF7 /* tableviewUITests.swift */; };
		458FA171257C7E0900D6E158 /* MovieVO.swift in Sources */ = {isa = PBXBuildFile; fileRef = 458FA170257C7E0900D6E158 /* MovieVO.swift */; };
/* End PBXBuildFile section */

/* Begin PBXContainerItemProxy section */
		456B6B3F257B3C0100D56DF7 /* PBXContainerItemProxy */ = {
			isa = PBXContainerItemProxy;
			containerPortal = 456B6B20257B3C0000D56DF7 /* Project object */;
			proxyType = 1;
			remoteGlobalIDString = 456B6B27257B3C0000D56DF7;
			remoteInfo = tableview;
		};
		456B6B4A257B3C0100D56DF7 /* PBXContainerItemProxy */ = {
			isa = PBXContainerItemProxy;
			containerPortal = 456B6B20257B3C0000D56DF7 /* Project object */;
			proxyType = 1;
			remoteGlobalIDString = 456B6B27257B3C0000D56DF7;
			remoteInfo = tableview;
		};
/* End PBXContainerItemProxy section */

/* Begin PBXFileReference section */
		2A7909FD257B6CF700EC67BD /* ListViewController.swift */ = {isa = PBXFileReference; lastKnownFileType = sourcecode.swift; path = ListViewController.swift; sourceTree = "<group>"; };
		456B6B28257B3C0000D56DF7 /* tableview.app */ = {isa = PBXFileReference; explicitFileType = wrapper.application; includeInIndex = 0; path = tableview.app; sourceTree = BUILT_PRODUCTS_DIR; };
		456B6B2B257B3C0000D56DF7 /* AppDelegate.swift */ = {isa = PBXFileReference; lastKnownFileType = sourcecode.swift; path = AppDelegate.swift; sourceTree = "<group>"; };
		456B6B2D257B3C0000D56DF7 /* SceneDelegate.swift */ = {isa = PBXFileReference; lastKnownFileType = sourcecode.swift; path = SceneDelegate.swift; sourceTree = "<group>"; };
		456B6B2F257B3C0000D56DF7 /* ViewController.swift */ = {isa = PBXFileReference; lastKnownFileType = sourcecode.swift; path = ViewController.swift; sourceTree = "<group>"; };
		456B6B32257B3C0000D56DF7 /* Base */ = {isa = PBXFileReference; lastKnownFileType = file.storyboard; name = Base; path = Base.lproj/Main.storyboard; sourceTree = "<group>"; };
		456B6B34257B3C0100D56DF7 /* Assets.xcassets */ = {isa = PBXFileReference; lastKnownFileType = folder.assetcatalog; path = Assets.xcassets; sourceTree = "<group>"; };
		456B6B37257B3C0100D56DF7 /* Base */ = {isa = PBXFileReference; lastKnownFileType = file.storyboard; name = Base; path = Base.lproj/LaunchScreen.storyboard; sourceTree = "<group>"; };
		456B6B39257B3C0100D56DF7 /* Info.plist */ = {isa = PBXFileReference; lastKnownFileType = text.plist.xml; path = Info.plist; sourceTree = "<group>"; };
		456B6B3E257B3C0100D56DF7 /* tableviewTests.xctest */ = {isa = PBXFileReference; explicitFileType = wrapper.cfbundle; includeInIndex = 0; path = tableviewTests.xctest; sourceTree = BUILT_PRODUCTS_DIR; };
		456B6B42257B3C0100D56DF7 /* tableviewTests.swift */ = {isa = PBXFileReference; lastKnownFileType = sourcecode.swift; path = tableviewTests.swift; sourceTree = "<group>"; };
		456B6B44257B3C0100D56DF7 /* Info.plist */ = {isa = PBXFileReference; lastKnownFileType = text.plist.xml; path = Info.plist; sourceTree = "<group>"; };
		456B6B49257B3C0100D56DF7 /* tableviewUITests.xctest */ = {isa = PBXFileReference; explicitFileType = wrapper.cfbundle; includeInIndex = 0; path = tableviewUITests.xctest; sourceTree = BUILT_PRODUCTS_DIR; };
		456B6B4D257B3C0100D56DF7 /* tableviewUITests.swift */ = {isa = PBXFileReference; lastKnownFileType = sourcecode.swift; path = tableviewUITests.swift; sourceTree = "<group>"; };
		456B6B4F257B3C0100D56DF7 /* Info.plist */ = {isa = PBXFileReference; lastKnownFileType = text.plist.xml; path = Info.plist; sourceTree = "<group>"; };
		458FA170257C7E0900D6E158 /* MovieVO.swift */ = {isa = PBXFileReference; lastKnownFileType = sourcecode.swift; path = MovieVO.swift; sourceTree = "<group>"; };
/* End PBXFileReference section */

/* Begin PBXFrameworksBuildPhase section */
		456B6B25257B3C0000D56DF7 /* Frameworks */ = {
			isa = PBXFrameworksBuildPhase;
			buildActionMask = 2147483647;
			files = (
			);
			runOnlyForDeploymentPostprocessing = 0;
		};
		456B6B3B257B3C0100D56DF7 /* Frameworks */ = {
			isa = PBXFrameworksBuildPhase;
			buildActionMask = 2147483647;
			files = (
			);
			runOnlyForDeploymentPostprocessing = 0;
		};
		456B6B46257B3C0100D56DF7 /* Frameworks */ = {
			isa = PBXFrameworksBuildPhase;
			buildActionMask = 2147483647;
			files = (
			);
			runOnlyForDeploymentPostprocessing = 0;
		};
/* End PBXFrameworksBuildPhase section */

/* Begin PBXGroup section */
		456B6B1F257B3C0000D56DF7 = {
			isa = PBXGroup;
			children = (
				456B6B2A257B3C0000D56DF7 /* tableview */,
				456B6B41257B3C0100D56DF7 /* tableviewTests */,
				456B6B4C257B3C0100D56DF7 /* tableviewUITests */,
				456B6B29257B3C0000D56DF7 /* Products */,
			);
			sourceTree = "<group>";
		};
		456B6B29257B3C0000D56DF7 /* Products */ = {
			isa = PBXGroup;
			children = (
				456B6B28257B3C0000D56DF7 /* tableview.app */,
				456B6B3E257B3C0100D56DF7 /* tableviewTests.xctest */,
				456B6B49257B3C0100D56DF7 /* tableviewUITests.xctest */,
			);
			name = Products;
			sourceTree = "<group>";
		};
		456B6B2A257B3C0000D56DF7 /* tableview */ = {
			isa = PBXGroup;
			children = (
				456B6B2B257B3C0000D56DF7 /* AppDelegate.swift */,
				456B6B2D257B3C0000D56DF7 /* SceneDelegate.swift */,
				456B6B2F257B3C0000D56DF7 /* ViewController.swift */,
				456B6B31257B3C0000D56DF7 /* Main.storyboard */,
				2A7909FD257B6CF700EC67BD /* ListViewController.swift */,
				456B6B34257B3C0100D56DF7 /* Assets.xcassets */,
				456B6B36257B3C0100D56DF7 /* LaunchScreen.storyboard */,
				456B6B39257B3C0100D56DF7 /* Info.plist */,
				458FA170257C7E0900D6E158 /* MovieVO.swift */,
			);
			path = tableview;
			sourceTree = "<group>";
		};
		456B6B41257B3C0100D56DF7 /* tableviewTests */ = {
			isa = PBXGroup;
			children = (
				456B6B42257B3C0100D56DF7 /* tableviewTests.swift */,
				456B6B44257B3C0100D56DF7 /* Info.plist */,
			);
			path = tableviewTests;
			sourceTree = "<group>";
		};
		456B6B4C257B3C0100D56DF7 /* tableviewUITests */ = {
			isa = PBXGroup;
			children = (
				456B6B4D257B3C0100D56DF7 /* tableviewUITests.swift */,
				456B6B4F257B3C0100D56DF7 /* Info.plist */,
			);
			path = tableviewUITests;
			sourceTree = "<group>";
		};
/* End PBXGroup section */

/* Begin PBXNativeTarget section */
		456B6B27257B3C0000D56DF7 /* tableview */ = {
			isa = PBXNativeTarget;
			buildConfigurationList = 456B6B52257B3C0100D56DF7 /* Build configuration list for PBXNativeTarget "tableview" */;
			buildPhases = (
				456B6B24257B3C0000D56DF7 /* Sources */,
				456B6B25257B3C0000D56DF7 /* Frameworks */,
				456B6B26257B3C0000D56DF7 /* Resources */,
			);
			buildRules = (
			);
			dependencies = (
			);
			name = tableview;
			productName = tableview;
			productReference = 456B6B28257B3C0000D56DF7 /* tableview.app */;
			productType = "com.apple.product-type.application";
		};
		456B6B3D257B3C0100D56DF7 /* tableviewTests */ = {
			isa = PBXNativeTarget;
			buildConfigurationList = 456B6B55257B3C0100D56DF7 /* Build configuration list for PBXNativeTarget "tableviewTests" */;
			buildPhases = (
				456B6B3A257B3C0100D56DF7 /* Sources */,
				456B6B3B257B3C0100D56DF7 /* Frameworks */,
				456B6B3C257B3C0100D56DF7 /* Resources */,
			);
			buildRules = (
			);
			dependencies = (
				456B6B40257B3C0100D56DF7 /* PBXTargetDependency */,
			);
			name = tableviewTests;
			productName = tableviewTests;
			productReference = 456B6B3E257B3C0100D56DF7 /* tableviewTests.xctest */;
			productType = "com.apple.product-type.bundle.unit-test";
		};
		456B6B48257B3C0100D56DF7 /* tableviewUITests */ = {
			isa = PBXNativeTarget;
			buildConfigurationList = 456B6B58257B3C0100D56DF7 /* Build configuration list for PBXNativeTarget "tableviewUITests" */;
			buildPhases = (
				456B6B45257B3C0100D56DF7 /* Sources */,
				456B6B46257B3C0100D56DF7 /* Frameworks */,
				456B6B47257B3C0100D56DF7 /* Resources */,
			);
			buildRules = (
			);
			dependencies = (
				456B6B4B257B3C0100D56DF7 /* PBXTargetDependency */,
			);
			name = tableviewUITests;
			productName = tableviewUITests;
			productReference = 456B6B49257B3C0100D56DF7 /* tableviewUITests.xctest */;
			productType = "com.apple.product-type.bundle.ui-testing";
		};
/* End PBXNativeTarget section */

/* Begin PBXProject section */
		456B6B20257B3C0000D56DF7 /* Project object */ = {
			isa = PBXProject;
			attributes = {
				LastSwiftUpdateCheck = 1220;
				LastUpgradeCheck = 1220;
				TargetAttributes = {
					456B6B27257B3C0000D56DF7 = {
						CreatedOnToolsVersion = 12.2;
					};
					456B6B3D257B3C0100D56DF7 = {
						CreatedOnToolsVersion = 12.2;
						TestTargetID = 456B6B27257B3C0000D56DF7;
					};
					456B6B48257B3C0100D56DF7 = {
						CreatedOnToolsVersion = 12.2;
						TestTargetID = 456B6B27257B3C0000D56DF7;
					};
				};
			};
			buildConfigurationList = 456B6B23257B3C0000D56DF7 /* Build configuration list for PBXProject "tableview" */;
			compatibilityVersion = "Xcode 9.3";
			developmentRegion = en;
			hasScannedForEncodings = 0;
			knownRegions = (
				en,
				Base,
			);
			mainGroup = 456B6B1F257B3C0000D56DF7;
			productRefGroup = 456B6B29257B3C0000D56DF7 /* Products */;
			projectDirPath = "";
			projectRoot = "";
			targets = (
				456B6B27257B3C0000D56DF7 /* tableview */,
				456B6B3D257B3C0100D56DF7 /* tableviewTests */,
				456B6B48257B3C0100D56DF7 /* tableviewUITests */,
			);
		};
/* End PBXProject section */

/* Begin PBXResourcesBuildPhase section */
		456B6B26257B3C0000D56DF7 /* Resources */ = {
			isa = PBXResourcesBuildPhase;
			buildActionMask = 2147483647;
			files = (
				456B6B38257B3C0100D56DF7 /* LaunchScreen.storyboard in Resources */,
				456B6B35257B3C0100D56DF7 /* Assets.xcassets in Resources */,
				456B6B33257B3C0000D56DF7 /* Main.storyboard in Resources */,
			);
			runOnlyForDeploymentPostprocessing = 0;
		};
		456B6B3C257B3C0100D56DF7 /* Resources */ = {
			isa = PBXResourcesBuildPhase;
			buildActionMask = 2147483647;
			files = (
			);
			runOnlyForDeploymentPostprocessing = 0;
		};
		456B6B47257B3C0100D56DF7 /* Resources */ = {
			isa = PBXResourcesBuildPhase;
			buildActionMask = 2147483647;
			files = (
			);
			runOnlyForDeploymentPostprocessing = 0;
		};
/* End PBXResourcesBuildPhase section */

/* Begin PBXSourcesBuildPhase section */
		456B6B24257B3C0000D56DF7 /* Sources */ = {
			isa = PBXSourcesBuildPhase;
			buildActionMask = 2147483647;
			files = (
				456B6B30257B3C0000D56DF7 /* ViewController.swift in Sources */,
				456B6B2C257B3C0000D56DF7 /* AppDelegate.swift in Sources */,
				2A7909FE257B6CF700EC67BD /* ListViewController.swift in Sources */,
				456B6B2E257B3C0000D56DF7 /* SceneDelegate.swift in Sources */,
				458FA171257C7E0900D6E158 /* MovieVO.swift in Sources */,
			);
			runOnlyForDeploymentPostprocessing = 0;
		};
		456B6B3A257B3C0100D56DF7 /* Sources */ = {
			isa = PBXSourcesBuildPhase;
			buildActionMask = 2147483647;
			files = (
				456B6B43257B3C0100D56DF7 /* tableviewTests.swift in Sources */,
			);
			runOnlyForDeploymentPostprocessing = 0;
		};
		456B6B45257B3C0100D56DF7 /* Sources */ = {
			isa = PBXSourcesBuildPhase;
			buildActionMask = 2147483647;
			files = (
				456B6B4E257B3C0100D56DF7 /* tableviewUITests.swift in Sources */,
			);
			runOnlyForDeploymentPostprocessing = 0;
		};
/* End PBXSourcesBuildPhase section */

/* Begin PBXTargetDependency section */
		456B6B40257B3C0100D56DF7 /* PBXTargetDependency */ = {
			isa = PBXTargetDependency;
			target = 456B6B27257B3C0000D56DF7 /* tableview */;
			targetProxy = 456B6B3F257B3C0100D56DF7 /* PBXContainerItemProxy */;
		};
		456B6B4B257B3C0100D56DF7 /* PBXTargetDependency */ = {
			isa = PBXTargetDependency;
			target = 456B6B27257B3C0000D56DF7 /* tableview */;
			targetProxy = 456B6B4A257B3C0100D56DF7 /* PBXContainerItemProxy */;
		};
/* End PBXTargetDependency section */

/* Begin PBXVariantGroup section */
		456B6B31257B3C0000D56DF7 /* Main.storyboard */ = {
			isa = PBXVariantGroup;
			children = (
				456B6B32257B3C0000D56DF7 /* Base */,
			);
			name = Main.storyboard;
			sourceTree = "<group>";
		};
		456B6B36257B3C0100D56DF7 /* LaunchScreen.storyboard */ = {
			isa = PBXVariantGroup;
			children = (
				456B6B37257B3C0100D56DF7 /* Base */,
			);
			name = LaunchScreen.storyboard;
			sourceTree = "<group>";
		};
/* End PBXVariantGroup section */

/* Begin XCBuildConfiguration section */
		456B6B50257B3C0100D56DF7 /* Debug */ = {
			isa = XCBuildConfiguration;
			buildSettings = {
				ALWAYS_SEARCH_USER_PATHS = NO;
				CLANG_ANALYZER_NONNULL = YES;
				CLANG_ANALYZER_NUMBER_OBJECT_CONVERSION = YES_AGGRESSIVE;
				CLANG_CXX_LANGUAGE_STANDARD = "gnu++14";
				CLANG_CXX_LIBRARY = "libc++";
				CLANG_ENABLE_MODULES = YES;
				CLANG_ENABLE_OBJC_ARC = YES;
				CLANG_ENABLE_OBJC_WEAK = YES;
				CLANG_WARN_BLOCK_CAPTURE_AUTORELEASING = YES;
				CLANG_WARN_BOOL_CONVERSION = YES;
				CLANG_WARN_COMMA = YES;
				CLANG_WARN_CONSTANT_CONVERSION = YES;
				CLANG_WARN_DEPRECATED_OBJC_IMPLEMENTATIONS = YES;
				CLANG_WARN_DIRECT_OBJC_ISA_USAGE = YES_ERROR;
				CLANG_WARN_DOCUMENTATION_COMMENTS = YES;
				CLANG_WARN_EMPTY_BODY = YES;
				CLANG_WARN_ENUM_CONVERSION = YES;
				CLANG_WARN_INFINITE_RECURSION = YES;
				CLANG_WARN_INT_CONVERSION = YES;
				CLANG_WARN_NON_LITERAL_NULL_CONVERSION = YES;
				CLANG_WARN_OBJC_IMPLICIT_RETAIN_SELF = YES;
				CLANG_WARN_OBJC_LITERAL_CONVERSION = YES;
				CLANG_WARN_OBJC_ROOT_CLASS = YES_ERROR;
				CLANG_WARN_QUOTED_INCLUDE_IN_FRAMEWORK_HEADER = YES;
				CLANG_WARN_RANGE_LOOP_ANALYSIS = YES;
				CLANG_WARN_STRICT_PROTOTYPES = YES;
				CLANG_WARN_SUSPICIOUS_MOVE = YES;
				CLANG_WARN_UNGUARDED_AVAILABILITY = YES_AGGRESSIVE;
				CLANG_WARN_UNREACHABLE_CODE = YES;
				CLANG_WARN__DUPLICATE_METHOD_MATCH = YES;
				COPY_PHASE_STRIP = NO;
				DEBUG_INFORMATION_FORMAT = dwarf;
				ENABLE_STRICT_OBJC_MSGSEND = YES;
				ENABLE_TESTABILITY = YES;
				GCC_C_LANGUAGE_STANDARD = gnu11;
				GCC_DYNAMIC_NO_PIC = NO;
				GCC_NO_COMMON_BLOCKS = YES;
				GCC_OPTIMIZATION_LEVEL = 0;
				GCC_PREPROCESSOR_DEFINITIONS = (
					"DEBUG=1",
					"$(inherited)",
				);
				GCC_WARN_64_TO_32_BIT_CONVERSION = YES;
				GCC_WARN_ABOUT_RETURN_TYPE = YES_ERROR;
				GCC_WARN_UNDECLARED_SELECTOR = YES;
				GCC_WARN_UNINITIALIZED_AUTOS = YES_AGGRESSIVE;
				GCC_WARN_UNUSED_FUNCTION = YES;
				GCC_WARN_UNUSED_VARIABLE = YES;
				IPHONEOS_DEPLOYMENT_TARGET = 14.2;
				MTL_ENABLE_DEBUG_INFO = INCLUDE_SOURCE;
				MTL_FAST_MATH = YES;
				ONLY_ACTIVE_ARCH = YES;
				SDKROOT = iphoneos;
				SWIFT_ACTIVE_COMPILATION_CONDITIONS = DEBUG;
				SWIFT_OPTIMIZATION_LEVEL = "-Onone";
			};
			name = Debug;
		};
		456B6B51257B3C0100D56DF7 /* Release */ = {
			isa = XCBuildConfiguration;
			buildSettings = {
				ALWAYS_SEARCH_USER_PATHS = NO;
				CLANG_ANALYZER_NONNULL = YES;
				CLANG_ANALYZER_NUMBER_OBJECT_CONVERSION = YES_AGGRESSIVE;
				CLANG_CXX_LANGUAGE_STANDARD = "gnu++14";
				CLANG_CXX_LIBRARY = "libc++";
				CLANG_ENABLE_MODULES = YES;
				CLANG_ENABLE_OBJC_ARC = YES;
				CLANG_ENABLE_OBJC_WEAK = YES;
				CLANG_WARN_BLOCK_CAPTURE_AUTORELEASING = YES;
				CLANG_WARN_BOOL_CONVERSION = YES;
				CLANG_WARN_COMMA = YES;
				CLANG_WARN_CONSTANT_CONVERSION = YES;
				CLANG_WARN_DEPRECATED_OBJC_IMPLEMENTATIONS = YES;
				CLANG_WARN_DIRECT_OBJC_ISA_USAGE = YES_ERROR;
				CLANG_WARN_DOCUMENTATION_COMMENTS = YES;
				CLANG_WARN_EMPTY_BODY = YES;
				CLANG_WARN_ENUM_CONVERSION = YES;
				CLANG_WARN_INFINITE_RECURSION = YES;
				CLANG_WARN_INT_CONVERSION = YES;
				CLANG_WARN_NON_LITERAL_NULL_CONVERSION = YES;
				CLANG_WARN_OBJC_IMPLICIT_RETAIN_SELF = YES;
				CLANG_WARN_OBJC_LITERAL_CONVERSION = YES;
				CLANG_WARN_OBJC_ROOT_CLASS = YES_ERROR;
				CLANG_WARN_QUOTED_INCLUDE_IN_FRAMEWORK_HEADER = YES;
				CLANG_WARN_RANGE_LOOP_ANALYSIS = YES;
				CLANG_WARN_STRICT_PROTOTYPES = YES;
				CLANG_WARN_SUSPICIOUS_MOVE = YES;
				CLANG_WARN_UNGUARDED_AVAILABILITY = YES_AGGRESSIVE;
				CLANG_WARN_UNREACHABLE_CODE = YES;
				CLANG_WARN__DUPLICATE_METHOD_MATCH = YES;
				COPY_PHASE_STRIP = NO;
				DEBUG_INFORMATION_FORMAT = "dwarf-with-dsym";
				ENABLE_NS_ASSERTIONS = NO;
				ENABLE_STRICT_OBJC_MSGSEND = YES;
				GCC_C_LANGUAGE_STANDARD = gnu11;
				GCC_NO_COMMON_BLOCKS = YES;
				GCC_WARN_64_TO_32_BIT_CONVERSION = YES;
				GCC_WARN_ABOUT_RETURN_TYPE = YES_ERROR;
				GCC_WARN_UNDECLARED_SELECTOR = YES;
				GCC_WARN_UNINITIALIZED_AUTOS = YES_AGGRESSIVE;
				GCC_WARN_UNUSED_FUNCTION = YES;
				GCC_WARN_UNUSED_VARIABLE = YES;
				IPHONEOS_DEPLOYMENT_TARGET = 14.2;
				MTL_ENABLE_DEBUG_INFO = NO;
				MTL_FAST_MATH = YES;
				SDKROOT = iphoneos;
				SWIFT_COMPILATION_MODE = wholemodule;
				SWIFT_OPTIMIZATION_LEVEL = "-O";
				VALIDATE_PRODUCT = YES;
			};
			name = Release;
		};
		456B6B53257B3C0100D56DF7 /* Debug */ = {
			isa = XCBuildConfiguration;
			buildSettings = {
				ASSETCATALOG_COMPILER_APPICON_NAME = AppIcon;
				ASSETCATALOG_COMPILER_GLOBAL_ACCENT_COLOR_NAME = AccentColor;
				CODE_SIGN_STYLE = Automatic;
				DEVELOPMENT_TEAM = DJA9NWXV9H;
				INFOPLIST_FILE = tableview/Info.plist;
				LD_RUNPATH_SEARCH_PATHS = (
					"$(inherited)",
					"@executable_path/Frameworks",
				);
				PRODUCT_BUNDLE_IDENTIFIER = com.jason.test.jaun.tableview;
				PRODUCT_NAME = "$(TARGET_NAME)";
				SWIFT_VERSION = 5.0;
				TARGETED_DEVICE_FAMILY = "1,2";
			};
			name = Debug;
		};
		456B6B54257B3C0100D56DF7 /* Release */ = {
			isa = XCBuildConfiguration;
			buildSettings = {
				ASSETCATALOG_COMPILER_APPICON_NAME = AppIcon;
				ASSETCATALOG_COMPILER_GLOBAL_ACCENT_COLOR_NAME = AccentColor;
				CODE_SIGN_STYLE = Automatic;
				DEVELOPMENT_TEAM = DJA9NWXV9H;
				INFOPLIST_FILE = tableview/Info.plist;
				LD_RUNPATH_SEARCH_PATHS = (
					"$(inherited)",
					"@executable_path/Frameworks",
				);
				PRODUCT_BUNDLE_IDENTIFIER = com.jason.test.jaun.tableview;
				PRODUCT_NAME = "$(TARGET_NAME)";
				SWIFT_VERSION = 5.0;
				TARGETED_DEVICE_FAMILY = "1,2";
			};
			name = Release;
		};
		456B6B56257B3C0100D56DF7 /* Debug */ = {
			isa = XCBuildConfiguration;
			buildSettings = {
				ALWAYS_EMBED_SWIFT_STANDARD_LIBRARIES = YES;
				BUNDLE_LOADER = "$(TEST_HOST)";
				CODE_SIGN_STYLE = Automatic;
				DEVELOPMENT_TEAM = DJA9NWXV9H;
				INFOPLIST_FILE = tableviewTests/Info.plist;
				IPHONEOS_DEPLOYMENT_TARGET = 14.2;
				LD_RUNPATH_SEARCH_PATHS = (
					"$(inherited)",
					"@executable_path/Frameworks",
					"@loader_path/Frameworks",
				);
				PRODUCT_BUNDLE_IDENTIFIER = com.jason.test.jaun.tableviewTests;
				PRODUCT_NAME = "$(TARGET_NAME)";
				SWIFT_VERSION = 5.0;
				TARGETED_DEVICE_FAMILY = "1,2";
				TEST_HOST = "$(BUILT_PRODUCTS_DIR)/tableview.app/tableview";
			};
			name = Debug;
		};
		456B6B57257B3C0100D56DF7 /* Release */ = {
			isa = XCBuildConfiguration;
			buildSettings = {
				ALWAYS_EMBED_SWIFT_STANDARD_LIBRARIES = YES;
				BUNDLE_LOADER = "$(TEST_HOST)";
				CODE_SIGN_STYLE = Automatic;
				DEVELOPMENT_TEAM = DJA9NWXV9H;
				INFOPLIST_FILE = tableviewTests/Info.plist;
				IPHONEOS_DEPLOYMENT_TARGET = 14.2;
				LD_RUNPATH_SEARCH_PATHS = (
					"$(inherited)",
					"@executable_path/Frameworks",
					"@loader_path/Frameworks",
				);
				PRODUCT_BUNDLE_IDENTIFIER = com.jason.test.jaun.tableviewTests;
				PRODUCT_NAME = "$(TARGET_NAME)";
				SWIFT_VERSION = 5.0;
				TARGETED_DEVICE_FAMILY = "1,2";
				TEST_HOST = "$(BUILT_PRODUCTS_DIR)/tableview.app/tableview";
			};
			name = Release;
		};
		456B6B59257B3C0100D56DF7 /* Debug */ = {
			isa = XCBuildConfiguration;
			buildSettings = {
				ALWAYS_EMBED_SWIFT_STANDARD_LIBRARIES = YES;
				CODE_SIGN_STYLE = Automatic;
				DEVELOPMENT_TEAM = DJA9NWXV9H;
				INFOPLIST_FILE = tableviewUITests/Info.plist;
				LD_RUNPATH_SEARCH_PATHS = (
					"$(inherited)",
					"@executable_path/Frameworks",
					"@loader_path/Frameworks",
				);
				PRODUCT_BUNDLE_IDENTIFIER = com.jason.test.jaun.tableviewUITests;
				PRODUCT_NAME = "$(TARGET_NAME)";
				SWIFT_VERSION = 5.0;
				TARGETED_DEVICE_FAMILY = "1,2";
				TEST_TARGET_NAME = tableview;
			};
			name = Debug;
		};
		456B6B5A257B3C0100D56DF7 /* Release */ = {
			isa = XCBuildConfiguration;
			buildSettings = {
				ALWAYS_EMBED_SWIFT_STANDARD_LIBRARIES = YES;
				CODE_SIGN_STYLE = Automatic;
				DEVELOPMENT_TEAM = DJA9NWXV9H;
				INFOPLIST_FILE = tableviewUITests/Info.plist;
				LD_RUNPATH_SEARCH_PATHS = (
					"$(inherited)",
					"@executable_path/Frameworks",
					"@loader_path/Frameworks",
				);
				PRODUCT_BUNDLE_IDENTIFIER = com.jason.test.jaun.tableviewUITests;
				PRODUCT_NAME = "$(TARGET_NAME)";
				SWIFT_VERSION = 5.0;
				TARGETED_DEVICE_FAMILY = "1,2";
				TEST_TARGET_NAME = tableview;
			};
			name = Release;
		};
/* End XCBuildConfiguration section */

/* Begin XCConfigurationList section */
		456B6B23257B3C0000D56DF7 /* Build configuration list for PBXProject "tableview" */ = {
			isa = XCConfigurationList;
			buildConfigurations = (
				456B6B50257B3C0100D56DF7 /* Debug */,
				456B6B51257B3C0100D56DF7 /* Release */,
			);
			defaultConfigurationIsVisible = 0;
			defaultConfigurationName = Release;
		};
		456B6B52257B3C0100D56DF7 /* Build configuration list for PBXNativeTarget "tableview" */ = {
			isa = XCConfigurationList;
			buildConfigurations = (
				456B6B53257B3C0100D56DF7 /* Debug */,
				456B6B54257B3C0100D56DF7 /* Release */,
			);
			defaultConfigurationIsVisible = 0;
			defaultConfigurationName = Release;
		};
		456B6B55257B3C0100D56DF7 /* Build configuration list for PBXNativeTarget "tableviewTests" */ = {
			isa = XCConfigurationList;
			buildConfigurations = (
				456B6B56257B3C0100D56DF7 /* Debug */,
				456B6B57257B3C0100D56DF7 /* Release */,
			);
			defaultConfigurationIsVisible = 0;
			defaultConfigurationName = Release;
		};
		456B6B58257B3C0100D56DF7 /* Build configuration list for PBXNativeTarget "tableviewUITests" */ = {
			isa = XCConfigurationList;
			buildConfigurations = (
				456B6B59257B3C0100D56DF7 /* Debug */,
				456B6B5A257B3C0100D56DF7 /* Release */,
			);
			defaultConfigurationIsVisible = 0;
			defaultConfigurationName = Release;
		};
/* End XCConfigurationList section */
	};
	rootObject = 456B6B20257B3C0000D56DF7 /* Project object */;
}
